
Microsoft Visual Studio Solution File, Format Version 12.00
# Visual Studio Version 16
VisualStudioVersion = 16.0.31005.135
MinimumVisualStudioVersion = 10.0.40219.1
Project("{FAE04EC0-301F-11D3-BF4B-00C04F79EFBC}") = "pract 3 eje 2", "pract 3 eje 2\pract 3 eje 2.csproj", "{74D1E147-BB19-4BA2-B910-FE0870A5C6CB}"
EndProject
Global
	GlobalSection(SolutionConfigurationPlatforms) = preSolution
		Debug|Any CPU = Debug|Any CPU
		Release|Any CPU = Release|Any CPU
	EndGlobalSection
	GlobalSection(ProjectConfigurationPlatforms) = postSolution
		{74D1E147-BB19-4BA2-B910-FE0870A5C6CB}.Debug|Any CPU.ActiveCfg = Debug|Any CPU
		{74D1E147-BB19-4BA2-B910-FE0870A5C6CB}.Debug|Any CPU.Build.0 = Debug|Any CPU
		{74D1E147-BB19-4BA2-B910-FE0870A5C6CB}.Release|Any CPU.ActiveCfg = Release|Any CPU
		{74D1E147-BB19-4BA2-B910-FE0870A5C6CB}.Release|Any CPU.Build.0 = Release|Any CPU
	EndGlobalSection
	GlobalSection(SolutionProperties) = preSolution
		HideSolutionNode = FALSE
	EndGlobalSection
	GlobalSection(ExtensibilityGlobals) = postSolution
		SolutionGuid = {E6007010-E3BC-4877-8D80-9DCB352213B1}
	EndGlobalSection
EndGlobal
