
Microsoft Visual Studio Solution File, Format Version 12.00
# Visual Studio Version 16
VisualStudioVersion = 16.0.31005.135
MinimumVisualStudioVersion = 10.0.40219.1
Project("{FAE04EC0-301F-11D3-BF4B-00C04F79EFBC}") = "pract 3 eje 1", "pract 3 eje 1\pract 3 eje 1.csproj", "{478346DB-5423-4F95-8292-33BE41CC3FAC}"
EndProject
Global
	GlobalSection(SolutionConfigurationPlatforms) = preSolution
		Debug|Any CPU = Debug|Any CPU
		Release|Any CPU = Release|Any CPU
	EndGlobalSection
	GlobalSection(ProjectConfigurationPlatforms) = postSolution
		{478346DB-5423-4F95-8292-33BE41CC3FAC}.Debug|Any CPU.ActiveCfg = Debug|Any CPU
		{478346DB-5423-4F95-8292-33BE41CC3FAC}.Debug|Any CPU.Build.0 = Debug|Any CPU
		{478346DB-5423-4F95-8292-33BE41CC3FAC}.Release|Any CPU.ActiveCfg = Release|Any CPU
		{478346DB-5423-4F95-8292-33BE41CC3FAC}.Release|Any CPU.Build.0 = Release|Any CPU
	EndGlobalSection
	GlobalSection(SolutionProperties) = preSolution
		HideSolutionNode = FALSE
	EndGlobalSection
	GlobalSection(ExtensibilityGlobals) = postSolution
		SolutionGuid = {003B40A7-CB0D-485E-B64B-A31193376997}
	EndGlobalSection
EndGlobal
